
Microsoft Visual Studio Solution File, Format Version 12.00
# Visual Studio Version 18
VisualStudioVersion = 18.4.11612.150
MinimumVisualStudioVersion = 10.0.40219.1
Project("{FAE04EC0-301F-11D3-BF4B-00C04F79EFBC}") = "AoShinhoServ-Monitor", "AoShinhoServ-Monitor.csproj", "{803C0EF4-7706-4E81-908D-69FD4905E48E}"
EndProject
Global
	GlobalSection(SolutionConfigurationPlatforms) = preSolution
		Debug|x64 = Debug|x64
		Release|x64 = Release|x64
	EndGlobalSection
	GlobalSection(ProjectConfigurationPlatforms) = postSolution
		{803C0EF4-7706-4E81-908D-69FD4905E48E}.Debug|x64.ActiveCfg = Debug|x64
		{803C0EF4-7706-4E81-908D-69FD4905E48E}.Debug|x64.Build.0 = Debug|x64
		{803C0EF4-7706-4E81-908D-69FD4905E48E}.Release|x64.ActiveCfg = Release|x64
		{803C0EF4-7706-4E81-908D-69FD4905E48E}.Release|x64.Build.0 = Release|x64
	EndGlobalSection
	GlobalSection(SolutionProperties) = preSolution
		HideSolutionNode = FALSE
	EndGlobalSection
	GlobalSection(ExtensibilityGlobals) = postSolution
		SolutionGuid = {86CDE9F7-5447-46D0-8801-0C22ECF9D1CA}
	EndGlobalSection
EndGlobal
